// !$*UTF8*$!
{
	archiveVersion = 1;
	classes = {
	};
	objectVersion = 55;
	objects = {

/* Begin PBXBuildFile section */
		0335CD3D271F0E83008FE691 /* ListViewController.swift in Sources */ = {isa = PBXBuildFile; fileRef = 0335CD3C271F0E83008FE691 /* ListViewController.swift */; };
		373CA9798CD7E5838DFC8D03 /* Pods_ShortRunning.framework in Frameworks */ = {isa = PBXBuildFile; fileRef = B1E8B571B56B237BA6CCB4C8 /* Pods_ShortRunning.framework */; };
		E00C3D49271868C200945E46 /* AppDelegate.swift in Sources */ = {isa = PBXBuildFile; fileRef = E00C3D48271868C200945E46 /* AppDelegate.swift */; };
		E00C3D4B271868C200945E46 /* SceneDelegate.swift in Sources */ = {isa = PBXBuildFile; fileRef = E00C3D4A271868C200945E46 /* SceneDelegate.swift */; };
		E00C3D4D271868C200945E46 /* ViewController.swift in Sources */ = {isa = PBXBuildFile; fileRef = E00C3D4C271868C200945E46 /* ViewController.swift */; };
		E00C3D50271868C200945E46 /* Main.storyboard in Resources */ = {isa = PBXBuildFile; fileRef = E00C3D4E271868C200945E46 /* Main.storyboard */; };
		E00C3D52271868C400945E46 /* Assets.xcassets in Resources */ = {isa = PBXBuildFile; fileRef = E00C3D51271868C400945E46 /* Assets.xcassets */; };
		E00C3D55271868C400945E46 /* LaunchScreen.storyboard in Resources */ = {isa = PBXBuildFile; fileRef = E00C3D53271868C400945E46 /* LaunchScreen.storyboard */; };
		E00C3D6127186BD100945E46 /* RGB.png in Resources */ = {isa = PBXBuildFile; fileRef = E00C3D6027186BD100945E46 /* RGB.png */; };
		E00C3D63271C443A00945E46 /* MainViewController.swift in Sources */ = {isa = PBXBuildFile; fileRef = E00C3D62271C443900945E46 /* MainViewController.swift */; };
		E0A7D42627290DF800B8FF05 /* LocationService.swift in Sources */ = {isa = PBXBuildFile; fileRef = E0A7D42527290DF800B8FF05 /* LocationService.swift */; };
		E0B12D0C271FB0AA005DFAFE /* RunningViewController.swift in Sources */ = {isa = PBXBuildFile; fileRef = E0B12D0B271FB0AA005DFAFE /* RunningViewController.swift */; };
		E0B12D0E271FB5A1005DFAFE /* RecordViewController.swift in Sources */ = {isa = PBXBuildFile; fileRef = E0B12D0D271FB5A1005DFAFE /* RecordViewController.swift */; };
		E0B12D10271FB68D005DFAFE /* PageViewController.swift in Sources */ = {isa = PBXBuildFile; fileRef = E0B12D0F271FB68D005DFAFE /* PageViewController.swift */; };
		E0F238D0271FEFB000FCE933 /* StartViewController.swift in Sources */ = {isa = PBXBuildFile; fileRef = E0F238CF271FEFB000FCE933 /* StartViewController.swift */; };
/* End PBXBuildFile section */

/* Begin PBXFileReference section */
		0335CD3C271F0E83008FE691 /* ListViewController.swift */ = {isa = PBXFileReference; lastKnownFileType = sourcecode.swift; path = ListViewController.swift; sourceTree = "<group>"; };
		5B9309BEF26A4843F7F41788 /* Pods-ShortRunning.debug.xcconfig */ = {isa = PBXFileReference; includeInIndex = 1; lastKnownFileType = text.xcconfig; name = "Pods-ShortRunning.debug.xcconfig"; path = "Target Support Files/Pods-ShortRunning/Pods-ShortRunning.debug.xcconfig"; sourceTree = "<group>"; };
		7E4B24E9E6EE113C36B179DF /* Pods-ShortRunning.release.xcconfig */ = {isa = PBXFileReference; includeInIndex = 1; lastKnownFileType = text.xcconfig; name = "Pods-ShortRunning.release.xcconfig"; path = "Target Support Files/Pods-ShortRunning/Pods-ShortRunning.release.xcconfig"; sourceTree = "<group>"; };
		B1E8B571B56B237BA6CCB4C8 /* Pods_ShortRunning.framework */ = {isa = PBXFileReference; explicitFileType = wrapper.framework; includeInIndex = 0; path = Pods_ShortRunning.framework; sourceTree = BUILT_PRODUCTS_DIR; };
		E00C3D45271868C200945E46 /* ShortRunning.app */ = {isa = PBXFileReference; explicitFileType = wrapper.application; includeInIndex = 0; path = ShortRunning.app; sourceTree = BUILT_PRODUCTS_DIR; };
		E00C3D48271868C200945E46 /* AppDelegate.swift */ = {isa = PBXFileReference; lastKnownFileType = sourcecode.swift; path = AppDelegate.swift; sourceTree = "<group>"; };
		E00C3D4A271868C200945E46 /* SceneDelegate.swift */ = {isa = PBXFileReference; lastKnownFileType = sourcecode.swift; path = SceneDelegate.swift; sourceTree = "<group>"; };
		E00C3D4C271868C200945E46 /* ViewController.swift */ = {isa = PBXFileReference; lastKnownFileType = sourcecode.swift; path = ViewController.swift; sourceTree = "<group>"; };
		E00C3D4F271868C200945E46 /* Base */ = {isa = PBXFileReference; lastKnownFileType = file.storyboard; name = Base; path = Base.lproj/Main.storyboard; sourceTree = "<group>"; };
		E00C3D51271868C400945E46 /* Assets.xcassets */ = {isa = PBXFileReference; lastKnownFileType = folder.assetcatalog; path = Assets.xcassets; sourceTree = "<group>"; };
		E00C3D54271868C400945E46 /* Base */ = {isa = PBXFileReference; lastKnownFileType = file.storyboard; name = Base; path = Base.lproj/LaunchScreen.storyboard; sourceTree = "<group>"; };
		E00C3D56271868C400945E46 /* Info.plist */ = {isa = PBXFileReference; lastKnownFileType = text.plist.xml; path = Info.plist; sourceTree = "<group>"; };
		E00C3D6027186BD100945E46 /* RGB.png */ = {isa = PBXFileReference; lastKnownFileType = image.png; path = RGB.png; sourceTree = "<group>"; };
		E00C3D62271C443900945E46 /* MainViewController.swift */ = {isa = PBXFileReference; lastKnownFileType = sourcecode.swift; path = MainViewController.swift; sourceTree = "<group>"; };
		E0A7D42527290DF800B8FF05 /* LocationService.swift */ = {isa = PBXFileReference; lastKnownFileType = sourcecode.swift; path = LocationService.swift; sourceTree = "<group>"; };
		E0B12D0B271FB0AA005DFAFE /* RunningViewController.swift */ = {isa = PBXFileReference; lastKnownFileType = sourcecode.swift; path = RunningViewController.swift; sourceTree = "<group>"; };
		E0B12D0D271FB5A1005DFAFE /* RecordViewController.swift */ = {isa = PBXFileReference; lastKnownFileType = sourcecode.swift; path = RecordViewController.swift; sourceTree = "<group>"; };
		E0B12D0F271FB68D005DFAFE /* PageViewController.swift */ = {isa = PBXFileReference; lastKnownFileType = sourcecode.swift; path = PageViewController.swift; sourceTree = "<group>"; };
		E0F238CF271FEFB000FCE933 /* StartViewController.swift */ = {isa = PBXFileReference; lastKnownFileType = sourcecode.swift; path = StartViewController.swift; sourceTree = "<group>"; };
/* End PBXFileReference section */

/* Begin PBXFrameworksBuildPhase section */
		E00C3D42271868C200945E46 /* Frameworks */ = {
			isa = PBXFrameworksBuildPhase;
			buildActionMask = 2147483647;
			files = (
				373CA9798CD7E5838DFC8D03 /* Pods_ShortRunning.framework in Frameworks */,
			);
			runOnlyForDeploymentPostprocessing = 0;
		};
/* End PBXFrameworksBuildPhase section */

/* Begin PBXGroup section */
		AEBA9A7DE0777ABFBF96FC25 /* Frameworks */ = {
			isa = PBXGroup;
			children = (
				B1E8B571B56B237BA6CCB4C8 /* Pods_ShortRunning.framework */,
			);
			name = Frameworks;
			sourceTree = "<group>";
		};
		E00C3D3C271868C200945E46 = {
			isa = PBXGroup;
			children = (
				E00C3D47271868C200945E46 /* ShortRunning */,
				E00C3D46271868C200945E46 /* Products */,
				E57CB8D9B8F5F4382760128E /* Pods */,
				AEBA9A7DE0777ABFBF96FC25 /* Frameworks */,
			);
			sourceTree = "<group>";
		};
		E00C3D46271868C200945E46 /* Products */ = {
			isa = PBXGroup;
			children = (
				E00C3D45271868C200945E46 /* ShortRunning.app */,
			);
			name = Products;
			sourceTree = "<group>";
		};
		E00C3D47271868C200945E46 /* ShortRunning */ = {
			isa = PBXGroup;
			children = (
				E00C3D48271868C200945E46 /* AppDelegate.swift */,
				E00C3D4A271868C200945E46 /* SceneDelegate.swift */,
				E00C3D4C271868C200945E46 /* ViewController.swift */,
				E0A7D42527290DF800B8FF05 /* LocationService.swift */,
				E00C3D4E271868C200945E46 /* Main.storyboard */,
				E0F238CF271FEFB000FCE933 /* StartViewController.swift */,
				E0B12D0F271FB68D005DFAFE /* PageViewController.swift */,
				E0B12D0B271FB0AA005DFAFE /* RunningViewController.swift */,
				E0B12D0D271FB5A1005DFAFE /* RecordViewController.swift */,
				E00C3D62271C443900945E46 /* MainViewController.swift */,
				E00C3D51271868C400945E46 /* Assets.xcassets */,
				E00C3D53271868C400945E46 /* LaunchScreen.storyboard */,
				E00C3D56271868C400945E46 /* Info.plist */,
				E00C3D6027186BD100945E46 /* RGB.png */,
				0335CD3C271F0E83008FE691 /* ListViewController.swift */,
			);
			path = ShortRunning;
			sourceTree = "<group>";
		};
		E57CB8D9B8F5F4382760128E /* Pods */ = {
			isa = PBXGroup;
			children = (
				5B9309BEF26A4843F7F41788 /* Pods-ShortRunning.debug.xcconfig */,
				7E4B24E9E6EE113C36B179DF /* Pods-ShortRunning.release.xcconfig */,
			);
			path = Pods;
			sourceTree = "<group>";
		};
/* End PBXGroup section */

/* Begin PBXNativeTarget section */
		E00C3D44271868C200945E46 /* ShortRunning */ = {
			isa = PBXNativeTarget;
			buildConfigurationList = E00C3D59271868C400945E46 /* Build configuration list for PBXNativeTarget "ShortRunning" */;
			buildPhases = (
				616DF69A2CF0C5FDCE53CDA4 /* [CP] Check Pods Manifest.lock */,
				E00C3D41271868C200945E46 /* Sources */,
				E00C3D42271868C200945E46 /* Frameworks */,
				E00C3D43271868C200945E46 /* Resources */,
				4448F768FE672225471DB36A /* [CP] Copy Pods Resources */,
			);
			buildRules = (
			);
			dependencies = (
			);
			name = ShortRunning;
			productName = ShortRunning;
			productReference = E00C3D45271868C200945E46 /* ShortRunning.app */;
			productType = "com.apple.product-type.application";
		};
/* End PBXNativeTarget section */

/* Begin PBXProject section */
		E00C3D3D271868C200945E46 /* Project object */ = {
			isa = PBXProject;
			attributes = {
				BuildIndependentTargetsInParallel = 1;
				LastSwiftUpdateCheck = 1300;
				LastUpgradeCheck = 1300;
				TargetAttributes = {
					E00C3D44271868C200945E46 = {
						CreatedOnToolsVersion = 13.0;
					};
				};
			};
			buildConfigurationList = E00C3D40271868C200945E46 /* Build configuration list for PBXProject "ShortRunning" */;
			compatibilityVersion = "Xcode 13.0";
			developmentRegion = en;
			hasScannedForEncodings = 0;
			knownRegions = (
				en,
				Base,
			);
			mainGroup = E00C3D3C271868C200945E46;
			productRefGroup = E00C3D46271868C200945E46 /* Products */;
			projectDirPath = "";
			projectRoot = "";
			targets = (
				E00C3D44271868C200945E46 /* ShortRunning */,
			);
		};
/* End PBXProject section */

/* Begin PBXResourcesBuildPhase section */
		E00C3D43271868C200945E46 /* Resources */ = {
			isa = PBXResourcesBuildPhase;
			buildActionMask = 2147483647;
			files = (
				E00C3D55271868C400945E46 /* LaunchScreen.storyboard in Resources */,
				E00C3D6127186BD100945E46 /* RGB.png in Resources */,
				E00C3D52271868C400945E46 /* Assets.xcassets in Resources */,
				E00C3D50271868C200945E46 /* Main.storyboard in Resources */,
			);
			runOnlyForDeploymentPostprocessing = 0;
		};
/* End PBXResourcesBuildPhase section */

/* Begin PBXShellScriptBuildPhase section */
		4448F768FE672225471DB36A /* [CP] Copy Pods Resources */ = {
			isa = PBXShellScriptBuildPhase;
			buildActionMask = 2147483647;
			files = (
			);
			inputFileListPaths = (
				"${PODS_ROOT}/Target Support Files/Pods-ShortRunning/Pods-ShortRunning-resources-${CONFIGURATION}-input-files.xcfilelist",
			);
			name = "[CP] Copy Pods Resources";
			outputFileListPaths = (
				"${PODS_ROOT}/Target Support Files/Pods-ShortRunning/Pods-ShortRunning-resources-${CONFIGURATION}-output-files.xcfilelist",
			);
			runOnlyForDeploymentPostprocessing = 0;
			shellPath = /bin/sh;
			shellScript = "\"${PODS_ROOT}/Target Support Files/Pods-ShortRunning/Pods-ShortRunning-resources.sh\"\n";
			showEnvVarsInLog = 0;
		};
		616DF69A2CF0C5FDCE53CDA4 /* [CP] Check Pods Manifest.lock */ = {
			isa = PBXShellScriptBuildPhase;
			buildActionMask = 2147483647;
			files = (
			);
			inputFileListPaths = (
			);
			inputPaths = (
				"${PODS_PODFILE_DIR_PATH}/Podfile.lock",
				"${PODS_ROOT}/Manifest.lock",
			);
			name = "[CP] Check Pods Manifest.lock";
			outputFileListPaths = (
			);
			outputPaths = (
				"$(DERIVED_FILE_DIR)/Pods-ShortRunning-checkManifestLockResult.txt",
			);
			runOnlyForDeploymentPostprocessing = 0;
			shellPath = /bin/sh;
			shellScript = "diff \"${PODS_PODFILE_DIR_PATH}/Podfile.lock\" \"${PODS_ROOT}/Manifest.lock\" > /dev/null\nif [ $? != 0 ] ; then\n    # print error to STDERR\n    echo \"error: The sandbox is not in sync with the Podfile.lock. Run 'pod install' or update your CocoaPods installation.\" >&2\n    exit 1\nfi\n# This output is used by Xcode 'outputs' to avoid re-running this script phase.\necho \"SUCCESS\" > \"${SCRIPT_OUTPUT_FILE_0}\"\n";
			showEnvVarsInLog = 0;
		};
/* End PBXShellScriptBuildPhase section */

/* Begin PBXSourcesBuildPhase section */
		E00C3D41271868C200945E46 /* Sources */ = {
			isa = PBXSourcesBuildPhase;
			buildActionMask = 2147483647;
			files = (
				E00C3D4D271868C200945E46 /* ViewController.swift in Sources */,
				E00C3D49271868C200945E46 /* AppDelegate.swift in Sources */,
				E0A7D42627290DF800B8FF05 /* LocationService.swift in Sources */,
				E00C3D4B271868C200945E46 /* SceneDelegate.swift in Sources */,
				E0B12D0E271FB5A1005DFAFE /* RecordViewController.swift in Sources */,
				0335CD3D271F0E83008FE691 /* ListViewController.swift in Sources */,
				E0F238D0271FEFB000FCE933 /* StartViewController.swift in Sources */,
				E0B12D0C271FB0AA005DFAFE /* RunningViewController.swift in Sources */,
				E00C3D63271C443A00945E46 /* MainViewController.swift in Sources */,
				E0B12D10271FB68D005DFAFE /* PageViewController.swift in Sources */,
			);
			runOnlyForDeploymentPostprocessing = 0;
		};
/* End PBXSourcesBuildPhase section */

/* Begin PBXVariantGroup section */
		E00C3D4E271868C200945E46 /* Main.storyboard */ = {
			isa = PBXVariantGroup;
			children = (
				E00C3D4F271868C200945E46 /* Base */,
			);
			name = Main.storyboard;
			sourceTree = "<group>";
		};
		E00C3D53271868C400945E46 /* LaunchScreen.storyboard */ = {
			isa = PBXVariantGroup;
			children = (
				E00C3D54271868C400945E46 /* Base */,
			);
			name = LaunchScreen.storyboard;
			sourceTree = "<group>";
		};
/* End PBXVariantGroup section */

/* Begin XCBuildConfiguration section */
		E00C3D57271868C400945E46 /* Debug */ = {
			isa = XCBuildConfiguration;
			buildSettings = {
				ALWAYS_SEARCH_USER_PATHS = NO;
				CLANG_ANALYZER_NONNULL = YES;
				CLANG_ANALYZER_NUMBER_OBJECT_CONVERSION = YES_AGGRESSIVE;
				CLANG_CXX_LANGUAGE_STANDARD = "gnu++17";
				CLANG_CXX_LIBRARY = "libc++";
				CLANG_ENABLE_MODULES = YES;
				CLANG_ENABLE_OBJC_ARC = YES;
				CLANG_ENABLE_OBJC_WEAK = YES;
				CLANG_WARN_BLOCK_CAPTURE_AUTORELEASING = YES;
				CLANG_WARN_BOOL_CONVERSION = YES;
				CLANG_WARN_COMMA = YES;
				CLANG_WARN_CONSTANT_CONVERSION = YES;
				CLANG_WARN_DEPRECATED_OBJC_IMPLEMENTATIONS = YES;
				CLANG_WARN_DIRECT_OBJC_ISA_USAGE = YES_ERROR;
				CLANG_WARN_DOCUMENTATION_COMMENTS = YES;
				CLANG_WARN_EMPTY_BODY = YES;
				CLANG_WARN_ENUM_CONVERSION = YES;
				CLANG_WARN_INFINITE_RECURSION = YES;
				CLANG_WARN_INT_CONVERSION = YES;
				CLANG_WARN_NON_LITERAL_NULL_CONVERSION = YES;
				CLANG_WARN_OBJC_IMPLICIT_RETAIN_SELF = YES;
				CLANG_WARN_OBJC_LITERAL_CONVERSION = YES;
				CLANG_WARN_OBJC_ROOT_CLASS = YES_ERROR;
				CLANG_WARN_QUOTED_INCLUDE_IN_FRAMEWORK_HEADER = YES;
				CLANG_WARN_RANGE_LOOP_ANALYSIS = YES;
				CLANG_WARN_STRICT_PROTOTYPES = YES;
				CLANG_WARN_SUSPICIOUS_MOVE = YES;
				CLANG_WARN_UNGUARDED_AVAILABILITY = YES_AGGRESSIVE;
				CLANG_WARN_UNREACHABLE_CODE = YES;
				CLANG_WARN__DUPLICATE_METHOD_MATCH = YES;
				COPY_PHASE_STRIP = NO;
				DEBUG_INFORMATION_FORMAT = dwarf;
				ENABLE_STRICT_OBJC_MSGSEND = YES;
				ENABLE_TESTABILITY = YES;
				EXCLUDED_ARCHS = "";
				GCC_C_LANGUAGE_STANDARD = gnu11;
				GCC_DYNAMIC_NO_PIC = NO;
				GCC_NO_COMMON_BLOCKS = YES;
				GCC_OPTIMIZATION_LEVEL = 0;
				GCC_PREPROCESSOR_DEFINITIONS = (
					"DEBUG=1",
					"$(inherited)",
				);
				GCC_WARN_64_TO_32_BIT_CONVERSION = YES;
				GCC_WARN_ABOUT_RETURN_TYPE = YES_ERROR;
				GCC_WARN_UNDECLARED_SELECTOR = YES;
				GCC_WARN_UNINITIALIZED_AUTOS = YES_AGGRESSIVE;
				GCC_WARN_UNUSED_FUNCTION = YES;
				GCC_WARN_UNUSED_VARIABLE = YES;
				IPHONEOS_DEPLOYMENT_TARGET = 15.0;
				MTL_ENABLE_DEBUG_INFO = INCLUDE_SOURCE;
				MTL_FAST_MATH = YES;
				ONLY_ACTIVE_ARCH = YES;
				SDKROOT = iphoneos;
				SWIFT_ACTIVE_COMPILATION_CONDITIONS = DEBUG;
				SWIFT_OPTIMIZATION_LEVEL = "-Onone";
			};
			name = Debug;
		};
		E00C3D58271868C400945E46 /* Release */ = {
			isa = XCBuildConfiguration;
			buildSettings = {
				ALWAYS_SEARCH_USER_PATHS = NO;
				CLANG_ANALYZER_NONNULL = YES;
				CLANG_ANALYZER_NUMBER_OBJECT_CONVERSION = YES_AGGRESSIVE;
				CLANG_CXX_LANGUAGE_STANDARD = "gnu++17";
				CLANG_CXX_LIBRARY = "libc++";
				CLANG_ENABLE_MODULES = YES;
				CLANG_ENABLE_OBJC_ARC = YES;
				CLANG_ENABLE_OBJC_WEAK = YES;
				CLANG_WARN_BLOCK_CAPTURE_AUTORELEASING = YES;
				CLANG_WARN_BOOL_CONVERSION = YES;
				CLANG_WARN_COMMA = YES;
				CLANG_WARN_CONSTANT_CONVERSION = YES;
				CLANG_WARN_DEPRECATED_OBJC_IMPLEMENTATIONS = YES;
				CLANG_WARN_DIRECT_OBJC_ISA_USAGE = YES_ERROR;
				CLANG_WARN_DOCUMENTATION_COMMENTS = YES;
				CLANG_WARN_EMPTY_BODY = YES;
				CLANG_WARN_ENUM_CONVERSION = YES;
				CLANG_WARN_INFINITE_RECURSION = YES;
				CLANG_WARN_INT_CONVERSION = YES;
				CLANG_WARN_NON_LITERAL_NULL_CONVERSION = YES;
				CLANG_WARN_OBJC_IMPLICIT_RETAIN_SELF = YES;
				CLANG_WARN_OBJC_LITERAL_CONVERSION = YES;
				CLANG_WARN_OBJC_ROOT_CLASS = YES_ERROR;
				CLANG_WARN_QUOTED_INCLUDE_IN_FRAMEWORK_HEADER = YES;
				CLANG_WARN_RANGE_LOOP_ANALYSIS = YES;
				CLANG_WARN_STRICT_PROTOTYPES = YES;
				CLANG_WARN_SUSPICIOUS_MOVE = YES;
				CLANG_WARN_UNGUARDED_AVAILABILITY = YES_AGGRESSIVE;
				CLANG_WARN_UNREACHABLE_CODE = YES;
				CLANG_WARN__DUPLICATE_METHOD_MATCH = YES;
				COPY_PHASE_STRIP = NO;
				DEBUG_INFORMATION_FORMAT = "dwarf-with-dsym";
				ENABLE_NS_ASSERTIONS = NO;
				ENABLE_STRICT_OBJC_MSGSEND = YES;
				EXCLUDED_ARCHS = "";
				GCC_C_LANGUAGE_STANDARD = gnu11;
				GCC_NO_COMMON_BLOCKS = YES;
				GCC_WARN_64_TO_32_BIT_CONVERSION = YES;
				GCC_WARN_ABOUT_RETURN_TYPE = YES_ERROR;
				GCC_WARN_UNDECLARED_SELECTOR = YES;
				GCC_WARN_UNINITIALIZED_AUTOS = YES_AGGRESSIVE;
				GCC_WARN_UNUSED_FUNCTION = YES;
				GCC_WARN_UNUSED_VARIABLE = YES;
				IPHONEOS_DEPLOYMENT_TARGET = 15.0;
				MTL_ENABLE_DEBUG_INFO = NO;
				MTL_FAST_MATH = YES;
				SDKROOT = iphoneos;
				SWIFT_COMPILATION_MODE = wholemodule;
				SWIFT_OPTIMIZATION_LEVEL = "-O";
				VALIDATE_PRODUCT = YES;
			};
			name = Release;
		};
		E00C3D5A271868C400945E46 /* Debug */ = {
			isa = XCBuildConfiguration;
			baseConfigurationReference = 5B9309BEF26A4843F7F41788 /* Pods-ShortRunning.debug.xcconfig */;
			buildSettings = {
				ASSETCATALOG_COMPILER_APPICON_NAME = AppIcon;
				ASSETCATALOG_COMPILER_GLOBAL_ACCENT_COLOR_NAME = AccentColor;
				CODE_SIGN_STYLE = Automatic;
				CURRENT_PROJECT_VERSION = 1;
				DEVELOPMENT_TEAM = W6Q6BA57X7;
				EXCLUDED_ARCHS = "";
				GENERATE_INFOPLIST_FILE = YES;
				INFOPLIST_FILE = ShortRunning/Info.plist;
				INFOPLIST_KEY_UIApplicationSupportsIndirectInputEvents = YES;
				INFOPLIST_KEY_UILaunchStoryboardName = LaunchScreen;
				INFOPLIST_KEY_UIMainStoryboardFile = Main;
				INFOPLIST_KEY_UISupportedInterfaceOrientations_iPad = "UIInterfaceOrientationPortrait UIInterfaceOrientationPortraitUpsideDown UIInterfaceOrientationLandscapeLeft UIInterfaceOrientationLandscapeRight";
				INFOPLIST_KEY_UISupportedInterfaceOrientations_iPhone = "UIInterfaceOrientationPortrait UIInterfaceOrientationLandscapeLeft UIInterfaceOrientationLandscapeRight";
				LD_RUNPATH_SEARCH_PATHS = (
					"$(inherited)",
					"@executable_path/Frameworks",
				);
				MARKETING_VERSION = 1.0;
				PRODUCT_BUNDLE_IDENTIFIER = ProjectTeam.CodersHigh.ShortRunning;
				PRODUCT_NAME = "$(TARGET_NAME)";
				SWIFT_EMIT_LOC_STRINGS = YES;
				SWIFT_VERSION = 5.0;
				TARGETED_DEVICE_FAMILY = "1,2";
			};
			name = Debug;
		};
		E00C3D5B271868C400945E46 /* Release */ = {
			isa = XCBuildConfiguration;
			baseConfigurationReference = 7E4B24E9E6EE113C36B179DF /* Pods-ShortRunning.release.xcconfig */;
			buildSettings = {
				ASSETCATALOG_COMPILER_APPICON_NAME = AppIcon;
				ASSETCATALOG_COMPILER_GLOBAL_ACCENT_COLOR_NAME = AccentColor;
				CODE_SIGN_STYLE = Automatic;
				CURRENT_PROJECT_VERSION = 1;
				DEVELOPMENT_TEAM = W6Q6BA57X7;
				EXCLUDED_ARCHS = "";
				GENERATE_INFOPLIST_FILE = YES;
				INFOPLIST_FILE = ShortRunning/Info.plist;
				INFOPLIST_KEY_UIApplicationSupportsIndirectInputEvents = YES;
				INFOPLIST_KEY_UILaunchStoryboardName = LaunchScreen;
				INFOPLIST_KEY_UIMainStoryboardFile = Main;
				INFOPLIST_KEY_UISupportedInterfaceOrientations_iPad = "UIInterfaceOrientationPortrait UIInterfaceOrientationPortraitUpsideDown UIInterfaceOrientationLandscapeLeft UIInterfaceOrientationLandscapeRight";
				INFOPLIST_KEY_UISupportedInterfaceOrientations_iPhone = "UIInterfaceOrientationPortrait UIInterfaceOrientationLandscapeLeft UIInterfaceOrientationLandscapeRight";
				LD_RUNPATH_SEARCH_PATHS = (
					"$(inherited)",
					"@executable_path/Frameworks",
				);
				MARKETING_VERSION = 1.0;
				PRODUCT_BUNDLE_IDENTIFIER = ProjectTeam.CodersHigh.ShortRunning;
				PRODUCT_NAME = "$(TARGET_NAME)";
				SWIFT_EMIT_LOC_STRINGS = YES;
				SWIFT_VERSION = 5.0;
				TARGETED_DEVICE_FAMILY = "1,2";
			};
			name = Release;
		};
/* End XCBuildConfiguration section */

/* Begin XCConfigurationList section */
		E00C3D40271868C200945E46 /* Build configuration list for PBXProject "ShortRunning" */ = {
			isa = XCConfigurationList;
			buildConfigurations = (
				E00C3D57271868C400945E46 /* Debug */,
				E00C3D58271868C400945E46 /* Release */,
			);
			defaultConfigurationIsVisible = 0;
			defaultConfigurationName = Release;
		};
		E00C3D59271868C400945E46 /* Build configuration list for PBXNativeTarget "ShortRunning" */ = {
			isa = XCConfigurationList;
			buildConfigurations = (
				E00C3D5A271868C400945E46 /* Debug */,
				E00C3D5B271868C400945E46 /* Release */,
			);
			defaultConfigurationIsVisible = 0;
			defaultConfigurationName = Release;
		};
/* End XCConfigurationList section */
	};
	rootObject = E00C3D3D271868C200945E46 /* Project object */;
}
